
Microsoft Visual Studio Solution File, Format Version 12.00
# Visual Studio Version 17
VisualStudioVersion = 17.3.32819.101
MinimumVisualStudioVersion = 10.0.40219.1
Project("{FAE04EC0-301F-11D3-BF4B-00C04F79EFBC}") = "LinqBasics", "ConsoleApp1\LinqBasics.csproj", "{D81C8412-4D96-4F3D-84D9-5E9C4CA8BE71}"
EndProject
Global
	GlobalSection(SolutionConfigurationPlatforms) = preSolution
		Debug|Any CPU = Debug|Any CPU
		Release|Any CPU = Release|Any CPU
	EndGlobalSection
	GlobalSection(ProjectConfigurationPlatforms) = postSolution
		{D81C8412-4D96-4F3D-84D9-5E9C4CA8BE71}.Debug|Any CPU.ActiveCfg = Debug|Any CPU
		{D81C8412-4D96-4F3D-84D9-5E9C4CA8BE71}.Debug|Any CPU.Build.0 = Debug|Any CPU
		{D81C8412-4D96-4F3D-84D9-5E9C4CA8BE71}.Release|Any CPU.ActiveCfg = Release|Any CPU
		{D81C8412-4D96-4F3D-84D9-5E9C4CA8BE71}.Release|Any CPU.Build.0 = Release|Any CPU
	EndGlobalSection
	GlobalSection(SolutionProperties) = preSolution
		HideSolutionNode = FALSE
	EndGlobalSection
	GlobalSection(ExtensibilityGlobals) = postSolution
		SolutionGuid = {0A9522E9-B4C6-4400-BE45-D3D8E31A717C}
	EndGlobalSection
EndGlobal
